
Microsoft Visual Studio Solution File, Format Version 11.00
# Visual Studio 2010
Project("{FAE04EC0-301F-11D3-BF4B-00C04F79EFBC}") = "GLGraph.NET", "GLGraph.NET\GLGraph.NET.csproj", "{784A291B-B226-44B8-AD7F-206516F656AC}"
EndProject
Project("{FAE04EC0-301F-11D3-BF4B-00C04F79EFBC}") = "GLGraph.NET.Example", "GLGraph.NET.Example\GLGraph.NET.Example.csproj", "{018ADC3F-5980-44A7-8D03-FE9EB3D15FA0}"
EndProject
Project("{FAE04EC0-301F-11D3-BF4B-00C04F79EFBC}") = "GLGraph.NET.Example.Winforms", "GLGraph.NET.Example.Winforms\GLGraph.NET.Example.Winforms.csproj", "{6EA1556C-6B34-48C8-A1DD-4C842D8B8586}"
EndProject
Global
	GlobalSection(SolutionConfigurationPlatforms) = preSolution
		Debug|Any CPU = Debug|Any CPU
		Debug|x64 = Debug|x64
		Debug|x86 = Debug|x86
		Release|Any CPU = Release|Any CPU
		Release|x64 = Release|x64
		Release|x86 = Release|x86
	EndGlobalSection
	GlobalSection(ProjectConfigurationPlatforms) = postSolution
		{784A291B-B226-44B8-AD7F-206516F656AC}.Debug|Any CPU.ActiveCfg = Debug|Any CPU
		{784A291B-B226-44B8-AD7F-206516F656AC}.Debug|Any CPU.Build.0 = Debug|Any CPU
		{784A291B-B226-44B8-AD7F-206516F656AC}.Debug|x64.ActiveCfg = Debug|x64
		{784A291B-B226-44B8-AD7F-206516F656AC}.Debug|x64.Build.0 = Debug|x64
		{784A291B-B226-44B8-AD7F-206516F656AC}.Debug|x86.ActiveCfg = Debug|x86
		{784A291B-B226-44B8-AD7F-206516F656AC}.Debug|x86.Build.0 = Debug|x86
		{784A291B-B226-44B8-AD7F-206516F656AC}.Release|Any CPU.ActiveCfg = Release|Any CPU
		{784A291B-B226-44B8-AD7F-206516F656AC}.Release|Any CPU.Build.0 = Release|Any CPU
		{784A291B-B226-44B8-AD7F-206516F656AC}.Release|x64.ActiveCfg = Release|x64
		{784A291B-B226-44B8-AD7F-206516F656AC}.Release|x64.Build.0 = Release|x64
		{784A291B-B226-44B8-AD7F-206516F656AC}.Release|x86.ActiveCfg = Release|x86
		{784A291B-B226-44B8-AD7F-206516F656AC}.Release|x86.Build.0 = Release|x86
		{018ADC3F-5980-44A7-8D03-FE9EB3D15FA0}.Debug|Any CPU.ActiveCfg = Debug|Any CPU
		{018ADC3F-5980-44A7-8D03-FE9EB3D15FA0}.Debug|Any CPU.Build.0 = Debug|Any CPU
		{018ADC3F-5980-44A7-8D03-FE9EB3D15FA0}.Debug|x64.ActiveCfg = Debug|x86
		{018ADC3F-5980-44A7-8D03-FE9EB3D15FA0}.Debug|x86.ActiveCfg = Debug|x86
		{018ADC3F-5980-44A7-8D03-FE9EB3D15FA0}.Debug|x86.Build.0 = Debug|x86
		{018ADC3F-5980-44A7-8D03-FE9EB3D15FA0}.Release|Any CPU.ActiveCfg = Release|x86
		{018ADC3F-5980-44A7-8D03-FE9EB3D15FA0}.Release|x64.ActiveCfg = Release|x86
		{018ADC3F-5980-44A7-8D03-FE9EB3D15FA0}.Release|x86.ActiveCfg = Release|x86
		{018ADC3F-5980-44A7-8D03-FE9EB3D15FA0}.Release|x86.Build.0 = Release|x86
		{6EA1556C-6B34-48C8-A1DD-4C842D8B8586}.Debug|Any CPU.ActiveCfg = Debug|x86
		{6EA1556C-6B34-48C8-A1DD-4C842D8B8586}.Debug|Any CPU.Build.0 = Debug|x86
		{6EA1556C-6B34-48C8-A1DD-4C842D8B8586}.Debug|x64.ActiveCfg = Debug|x86
		{6EA1556C-6B34-48C8-A1DD-4C842D8B8586}.Debug|x86.ActiveCfg = Debug|x86
		{6EA1556C-6B34-48C8-A1DD-4C842D8B8586}.Debug|x86.Build.0 = Debug|x86
		{6EA1556C-6B34-48C8-A1DD-4C842D8B8586}.Release|Any CPU.ActiveCfg = Release|x86
		{6EA1556C-6B34-48C8-A1DD-4C842D8B8586}.Release|x64.ActiveCfg = Release|x86
		{6EA1556C-6B34-48C8-A1DD-4C842D8B8586}.Release|x86.ActiveCfg = Release|x86
		{6EA1556C-6B34-48C8-A1DD-4C842D8B8586}.Release|x86.Build.0 = Release|x86
	EndGlobalSection
	GlobalSection(SolutionProperties) = preSolution
		HideSolutionNode = FALSE
	EndGlobalSection
EndGlobal
